
Microsoft Visual Studio Solution File, Format Version 12.00
# Visual Studio Version 17
Project("{2150E333-8FDC-42A3-9474-1A3956D46DE8}") = "CMakePredefinedTargets", "CMakePredefinedTargets", "{FC602FFE-8BC2-3367-9BF6-AF5F927E23E8}"
EndProject
Project("{2150E333-8FDC-42A3-9474-1A3956D46DE8}") = "External", "External", "{A4D1131F-1EFB-34AE-8A7E-3BBEED4200BD}"
EndProject
Project("{2150E333-8FDC-42A3-9474-1A3956D46DE8}") = "Internal", "Internal", "{EECA2E0E-075D-3194-B323-0EF79CA5807A}"
EndProject
Project("{8BC9CEB8-8B4A-11D0-8D11-00A0C91BC942}") = "ALL_BUILD", "ALL_BUILD.vcxproj", "{4A65281B-975A-32B6-B010-229358713E0B}"
	ProjectSection(ProjectDependencies) = postProject
		{880A6C4A-4DFA-362E-9550-B7FACD044C79} = {880A6C4A-4DFA-362E-9550-B7FACD044C79}
		{14B96D31-A187-3CDC-A20E-3C75840862FE} = {14B96D31-A187-3CDC-A20E-3C75840862FE}
		{7F76F591-8021-3ED4-A5F9-EC40270A9235} = {7F76F591-8021-3ED4-A5F9-EC40270A9235}
		{8DEDD693-8DD1-3910-B594-9B6F1C21D22E} = {8DEDD693-8DD1-3910-B594-9B6F1C21D22E}
		{30974482-B560-3A3E-AF2F-CA67AE230D99} = {30974482-B560-3A3E-AF2F-CA67AE230D99}
		{3170E751-6DD0-3D4D-9B02-D38892B8CD3E} = {3170E751-6DD0-3D4D-9B02-D38892B8CD3E}
		{B973FAFC-52D2-36D8-A383-277BC49D9743} = {B973FAFC-52D2-36D8-A383-277BC49D9743}
		{BEE61E43-9186-31F4-BA6F-DF4798ED52E8} = {BEE61E43-9186-31F4-BA6F-DF4798ED52E8}
		{6A99079E-2F73-3F54-B742-8F968F325D27} = {6A99079E-2F73-3F54-B742-8F968F325D27}
		{1EB104A0-1428-3948-B07A-B0C59F6AA6FE} = {1EB104A0-1428-3948-B07A-B0C59F6AA6FE}
		{DB61246D-1701-3006-9CFB-702F64A68485} = {DB61246D-1701-3006-9CFB-702F64A68485}
		{44D7128D-B30F-3CEC-8AB1-9B1B4B146564} = {44D7128D-B30F-3CEC-8AB1-9B1B4B146564}
		{5D9CA930-376B-3648-B23D-4D1BAE0F408D} = {5D9CA930-376B-3648-B23D-4D1BAE0F408D}
	EndProjectSection
EndProject
Project("{8BC9CEB8-8B4A-11D0-8D11-00A0C91BC942}") = "ZERO_CHECK", "..\..\..\\ZERO_CHECK.vcxproj", "{880A6C4A-4DFA-362E-9550-B7FACD044C79}"
	ProjectSection(ProjectDependencies) = postProject
	EndProjectSection
EndProject
Project("{8BC9CEB8-8B4A-11D0-8D11-00A0C91BC942}") = "cocos2d", "cocos2d.vcxproj", "{14B96D31-A187-3CDC-A20E-3C75840862FE}"
	ProjectSection(ProjectDependencies) = postProject
		{880A6C4A-4DFA-362E-9550-B7FACD044C79} = {880A6C4A-4DFA-362E-9550-B7FACD044C79}
		{7F76F591-8021-3ED4-A5F9-EC40270A9235} = {7F76F591-8021-3ED4-A5F9-EC40270A9235}
		{8DEDD693-8DD1-3910-B594-9B6F1C21D22E} = {8DEDD693-8DD1-3910-B594-9B6F1C21D22E}
		{30974482-B560-3A3E-AF2F-CA67AE230D99} = {30974482-B560-3A3E-AF2F-CA67AE230D99}
		{3170E751-6DD0-3D4D-9B02-D38892B8CD3E} = {3170E751-6DD0-3D4D-9B02-D38892B8CD3E}
		{B973FAFC-52D2-36D8-A383-277BC49D9743} = {B973FAFC-52D2-36D8-A383-277BC49D9743}
		{BEE61E43-9186-31F4-BA6F-DF4798ED52E8} = {BEE61E43-9186-31F4-BA6F-DF4798ED52E8}
		{6A99079E-2F73-3F54-B742-8F968F325D27} = {6A99079E-2F73-3F54-B742-8F968F325D27}
		{1EB104A0-1428-3948-B07A-B0C59F6AA6FE} = {1EB104A0-1428-3948-B07A-B0C59F6AA6FE}
		{DB61246D-1701-3006-9CFB-702F64A68485} = {DB61246D-1701-3006-9CFB-702F64A68485}
		{44D7128D-B30F-3CEC-8AB1-9B1B4B146564} = {44D7128D-B30F-3CEC-8AB1-9B1B4B146564}
		{5D9CA930-376B-3648-B23D-4D1BAE0F408D} = {5D9CA930-376B-3648-B23D-4D1BAE0F408D}
	EndProjectSection
EndProject
Project("{8BC9CEB8-8B4A-11D0-8D11-00A0C91BC942}") = "ext_clipper", "..\..\external\clipper\ext_clipper.vcxproj", "{7F76F591-8021-3ED4-A5F9-EC40270A9235}"
	ProjectSection(ProjectDependencies) = postProject
		{880A6C4A-4DFA-362E-9550-B7FACD044C79} = {880A6C4A-4DFA-362E-9550-B7FACD044C79}
	EndProjectSection
EndProject
Project("{8BC9CEB8-8B4A-11D0-8D11-00A0C91BC942}") = "ext_convertUTF", "..\..\external\ConvertUTF\ext_convertUTF.vcxproj", "{8DEDD693-8DD1-3910-B594-9B6F1C21D22E}"
	ProjectSection(ProjectDependencies) = postProject
		{880A6C4A-4DFA-362E-9550-B7FACD044C79} = {880A6C4A-4DFA-362E-9550-B7FACD044C79}
	EndProjectSection
EndProject
Project("{8BC9CEB8-8B4A-11D0-8D11-00A0C91BC942}") = "ext_edtaa3func", "..\..\external\edtaa3func\ext_edtaa3func.vcxproj", "{30974482-B560-3A3E-AF2F-CA67AE230D99}"
	ProjectSection(ProjectDependencies) = postProject
		{880A6C4A-4DFA-362E-9550-B7FACD044C79} = {880A6C4A-4DFA-362E-9550-B7FACD044C79}
	EndProjectSection
EndProject
Project("{8BC9CEB8-8B4A-11D0-8D11-00A0C91BC942}") = "ext_md5", "..\..\external\md5\ext_md5.vcxproj", "{3170E751-6DD0-3D4D-9B02-D38892B8CD3E}"
	ProjectSection(ProjectDependencies) = postProject
		{880A6C4A-4DFA-362E-9550-B7FACD044C79} = {880A6C4A-4DFA-362E-9550-B7FACD044C79}
	EndProjectSection
EndProject
Project("{8BC9CEB8-8B4A-11D0-8D11-00A0C91BC942}") = "ext_poly2tri", "..\..\external\poly2tri\ext_poly2tri.vcxproj", "{B973FAFC-52D2-36D8-A383-277BC49D9743}"
	ProjectSection(ProjectDependencies) = postProject
		{880A6C4A-4DFA-362E-9550-B7FACD044C79} = {880A6C4A-4DFA-362E-9550-B7FACD044C79}
	EndProjectSection
EndProject
Project("{8BC9CEB8-8B4A-11D0-8D11-00A0C91BC942}") = "ext_recast", "..\..\external\recast\ext_recast.vcxproj", "{BEE61E43-9186-31F4-BA6F-DF4798ED52E8}"
	ProjectSection(ProjectDependencies) = postProject
		{880A6C4A-4DFA-362E-9550-B7FACD044C79} = {880A6C4A-4DFA-362E-9550-B7FACD044C79}
	EndProjectSection
EndProject
Project("{8BC9CEB8-8B4A-11D0-8D11-00A0C91BC942}") = "ext_tinyxml2", "..\..\external\tinyxml2\ext_tinyxml2.vcxproj", "{6A99079E-2F73-3F54-B742-8F968F325D27}"
	ProjectSection(ProjectDependencies) = postProject
		{880A6C4A-4DFA-362E-9550-B7FACD044C79} = {880A6C4A-4DFA-362E-9550-B7FACD044C79}
	EndProjectSection
EndProject
Project("{8BC9CEB8-8B4A-11D0-8D11-00A0C91BC942}") = "ext_unzip", "..\..\external\unzip\ext_unzip.vcxproj", "{1EB104A0-1428-3948-B07A-B0C59F6AA6FE}"
	ProjectSection(ProjectDependencies) = postProject
		{880A6C4A-4DFA-362E-9550-B7FACD044C79} = {880A6C4A-4DFA-362E-9550-B7FACD044C79}
	EndProjectSection
EndProject
Project("{8BC9CEB8-8B4A-11D0-8D11-00A0C91BC942}") = "ext_xxhash", "..\..\external\xxhash\ext_xxhash.vcxproj", "{DB61246D-1701-3006-9CFB-702F64A68485}"
	ProjectSection(ProjectDependencies) = postProject
		{880A6C4A-4DFA-362E-9550-B7FACD044C79} = {880A6C4A-4DFA-362E-9550-B7FACD044C79}
	EndProjectSection
EndProject
Project("{8BC9CEB8-8B4A-11D0-8D11-00A0C91BC942}") = "ext_xxtea", "..\..\external\xxtea\ext_xxtea.vcxproj", "{44D7128D-B30F-3CEC-8AB1-9B1B4B146564}"
	ProjectSection(ProjectDependencies) = postProject
		{880A6C4A-4DFA-362E-9550-B7FACD044C79} = {880A6C4A-4DFA-362E-9550-B7FACD044C79}
	EndProjectSection
EndProject
Project("{8BC9CEB8-8B4A-11D0-8D11-00A0C91BC942}") = "external", "..\..\external\external.vcxproj", "{5D9CA930-376B-3648-B23D-4D1BAE0F408D}"
	ProjectSection(ProjectDependencies) = postProject
		{880A6C4A-4DFA-362E-9550-B7FACD044C79} = {880A6C4A-4DFA-362E-9550-B7FACD044C79}
		{7F76F591-8021-3ED4-A5F9-EC40270A9235} = {7F76F591-8021-3ED4-A5F9-EC40270A9235}
		{8DEDD693-8DD1-3910-B594-9B6F1C21D22E} = {8DEDD693-8DD1-3910-B594-9B6F1C21D22E}
		{30974482-B560-3A3E-AF2F-CA67AE230D99} = {30974482-B560-3A3E-AF2F-CA67AE230D99}
		{3170E751-6DD0-3D4D-9B02-D38892B8CD3E} = {3170E751-6DD0-3D4D-9B02-D38892B8CD3E}
		{B973FAFC-52D2-36D8-A383-277BC49D9743} = {B973FAFC-52D2-36D8-A383-277BC49D9743}
		{BEE61E43-9186-31F4-BA6F-DF4798ED52E8} = {BEE61E43-9186-31F4-BA6F-DF4798ED52E8}
		{6A99079E-2F73-3F54-B742-8F968F325D27} = {6A99079E-2F73-3F54-B742-8F968F325D27}
		{1EB104A0-1428-3948-B07A-B0C59F6AA6FE} = {1EB104A0-1428-3948-B07A-B0C59F6AA6FE}
		{DB61246D-1701-3006-9CFB-702F64A68485} = {DB61246D-1701-3006-9CFB-702F64A68485}
		{44D7128D-B30F-3CEC-8AB1-9B1B4B146564} = {44D7128D-B30F-3CEC-8AB1-9B1B4B146564}
	EndProjectSection
EndProject
Global
	GlobalSection(SolutionConfigurationPlatforms) = preSolution
		Debug|Win32 = Debug|Win32
		Release|Win32 = Release|Win32
		MinSizeRel|Win32 = MinSizeRel|Win32
		RelWithDebInfo|Win32 = RelWithDebInfo|Win32
	EndGlobalSection
	GlobalSection(ProjectConfigurationPlatforms) = postSolution
		{4A65281B-975A-32B6-B010-229358713E0B}.Debug|Win32.ActiveCfg = Debug|Win32
		{4A65281B-975A-32B6-B010-229358713E0B}.Release|Win32.ActiveCfg = Release|Win32
		{4A65281B-975A-32B6-B010-229358713E0B}.MinSizeRel|Win32.ActiveCfg = MinSizeRel|Win32
		{4A65281B-975A-32B6-B010-229358713E0B}.RelWithDebInfo|Win32.ActiveCfg = RelWithDebInfo|Win32
		{880A6C4A-4DFA-362E-9550-B7FACD044C79}.Debug|Win32.ActiveCfg = Debug|Win32
		{880A6C4A-4DFA-362E-9550-B7FACD044C79}.Debug|Win32.Build.0 = Debug|Win32
		{880A6C4A-4DFA-362E-9550-B7FACD044C79}.Release|Win32.ActiveCfg = Release|Win32
		{880A6C4A-4DFA-362E-9550-B7FACD044C79}.Release|Win32.Build.0 = Release|Win32
		{880A6C4A-4DFA-362E-9550-B7FACD044C79}.MinSizeRel|Win32.ActiveCfg = MinSizeRel|Win32
		{880A6C4A-4DFA-362E-9550-B7FACD044C79}.MinSizeRel|Win32.Build.0 = MinSizeRel|Win32
		{880A6C4A-4DFA-362E-9550-B7FACD044C79}.RelWithDebInfo|Win32.ActiveCfg = RelWithDebInfo|Win32
		{880A6C4A-4DFA-362E-9550-B7FACD044C79}.RelWithDebInfo|Win32.Build.0 = RelWithDebInfo|Win32
		{14B96D31-A187-3CDC-A20E-3C75840862FE}.Debug|Win32.ActiveCfg = Debug|Win32
		{14B96D31-A187-3CDC-A20E-3C75840862FE}.Debug|Win32.Build.0 = Debug|Win32
		{14B96D31-A187-3CDC-A20E-3C75840862FE}.Release|Win32.ActiveCfg = Release|Win32
		{14B96D31-A187-3CDC-A20E-3C75840862FE}.Release|Win32.Build.0 = Release|Win32
		{14B96D31-A187-3CDC-A20E-3C75840862FE}.MinSizeRel|Win32.ActiveCfg = MinSizeRel|Win32
		{14B96D31-A187-3CDC-A20E-3C75840862FE}.MinSizeRel|Win32.Build.0 = MinSizeRel|Win32
		{14B96D31-A187-3CDC-A20E-3C75840862FE}.RelWithDebInfo|Win32.ActiveCfg = RelWithDebInfo|Win32
		{14B96D31-A187-3CDC-A20E-3C75840862FE}.RelWithDebInfo|Win32.Build.0 = RelWithDebInfo|Win32
		{7F76F591-8021-3ED4-A5F9-EC40270A9235}.Debug|Win32.ActiveCfg = Debug|Win32
		{7F76F591-8021-3ED4-A5F9-EC40270A9235}.Debug|Win32.Build.0 = Debug|Win32
		{7F76F591-8021-3ED4-A5F9-EC40270A9235}.Release|Win32.ActiveCfg = Release|Win32
		{7F76F591-8021-3ED4-A5F9-EC40270A9235}.Release|Win32.Build.0 = Release|Win32
		{7F76F591-8021-3ED4-A5F9-EC40270A9235}.MinSizeRel|Win32.ActiveCfg = MinSizeRel|Win32
		{7F76F591-8021-3ED4-A5F9-EC40270A9235}.MinSizeRel|Win32.Build.0 = MinSizeRel|Win32
		{7F76F591-8021-3ED4-A5F9-EC40270A9235}.RelWithDebInfo|Win32.ActiveCfg = RelWithDebInfo|Win32
		{7F76F591-8021-3ED4-A5F9-EC40270A9235}.RelWithDebInfo|Win32.Build.0 = RelWithDebInfo|Win32
		{8DEDD693-8DD1-3910-B594-9B6F1C21D22E}.Debug|Win32.ActiveCfg = Debug|Win32
		{8DEDD693-8DD1-3910-B594-9B6F1C21D22E}.Debug|Win32.Build.0 = Debug|Win32
		{8DEDD693-8DD1-3910-B594-9B6F1C21D22E}.Release|Win32.ActiveCfg = Release|Win32
		{8DEDD693-8DD1-3910-B594-9B6F1C21D22E}.Release|Win32.Build.0 = Release|Win32
		{8DEDD693-8DD1-3910-B594-9B6F1C21D22E}.MinSizeRel|Win32.ActiveCfg = MinSizeRel|Win32
		{8DEDD693-8DD1-3910-B594-9B6F1C21D22E}.MinSizeRel|Win32.Build.0 = MinSizeRel|Win32
		{8DEDD693-8DD1-3910-B594-9B6F1C21D22E}.RelWithDebInfo|Win32.ActiveCfg = RelWithDebInfo|Win32
		{8DEDD693-8DD1-3910-B594-9B6F1C21D22E}.RelWithDebInfo|Win32.Build.0 = RelWithDebInfo|Win32
		{30974482-B560-3A3E-AF2F-CA67AE230D99}.Debug|Win32.ActiveCfg = Debug|Win32
		{30974482-B560-3A3E-AF2F-CA67AE230D99}.Debug|Win32.Build.0 = Debug|Win32
		{30974482-B560-3A3E-AF2F-CA67AE230D99}.Release|Win32.ActiveCfg = Release|Win32
		{30974482-B560-3A3E-AF2F-CA67AE230D99}.Release|Win32.Build.0 = Release|Win32
		{30974482-B560-3A3E-AF2F-CA67AE230D99}.MinSizeRel|Win32.ActiveCfg = MinSizeRel|Win32
		{30974482-B560-3A3E-AF2F-CA67AE230D99}.MinSizeRel|Win32.Build.0 = MinSizeRel|Win32
		{30974482-B560-3A3E-AF2F-CA67AE230D99}.RelWithDebInfo|Win32.ActiveCfg = RelWithDebInfo|Win32
		{30974482-B560-3A3E-AF2F-CA67AE230D99}.RelWithDebInfo|Win32.Build.0 = RelWithDebInfo|Win32
		{3170E751-6DD0-3D4D-9B02-D38892B8CD3E}.Debug|Win32.ActiveCfg = Debug|Win32
		{3170E751-6DD0-3D4D-9B02-D38892B8CD3E}.Debug|Win32.Build.0 = Debug|Win32
		{3170E751-6DD0-3D4D-9B02-D38892B8CD3E}.Release|Win32.ActiveCfg = Release|Win32
		{3170E751-6DD0-3D4D-9B02-D38892B8CD3E}.Release|Win32.Build.0 = Release|Win32
		{3170E751-6DD0-3D4D-9B02-D38892B8CD3E}.MinSizeRel|Win32.ActiveCfg = MinSizeRel|Win32
		{3170E751-6DD0-3D4D-9B02-D38892B8CD3E}.MinSizeRel|Win32.Build.0 = MinSizeRel|Win32
		{3170E751-6DD0-3D4D-9B02-D38892B8CD3E}.RelWithDebInfo|Win32.ActiveCfg = RelWithDebInfo|Win32
		{3170E751-6DD0-3D4D-9B02-D38892B8CD3E}.RelWithDebInfo|Win32.Build.0 = RelWithDebInfo|Win32
		{B973FAFC-52D2-36D8-A383-277BC49D9743}.Debug|Win32.ActiveCfg = Debug|Win32
		{B973FAFC-52D2-36D8-A383-277BC49D9743}.Debug|Win32.Build.0 = Debug|Win32
		{B973FAFC-52D2-36D8-A383-277BC49D9743}.Release|Win32.ActiveCfg = Release|Win32
		{B973FAFC-52D2-36D8-A383-277BC49D9743}.Release|Win32.Build.0 = Release|Win32
		{B973FAFC-52D2-36D8-A383-277BC49D9743}.MinSizeRel|Win32.ActiveCfg = MinSizeRel|Win32
		{B973FAFC-52D2-36D8-A383-277BC49D9743}.MinSizeRel|Win32.Build.0 = MinSizeRel|Win32
		{B973FAFC-52D2-36D8-A383-277BC49D9743}.RelWithDebInfo|Win32.ActiveCfg = RelWithDebInfo|Win32
		{B973FAFC-52D2-36D8-A383-277BC49D9743}.RelWithDebInfo|Win32.Build.0 = RelWithDebInfo|Win32
		{BEE61E43-9186-31F4-BA6F-DF4798ED52E8}.Debug|Win32.ActiveCfg = Debug|Win32
		{BEE61E43-9186-31F4-BA6F-DF4798ED52E8}.Debug|Win32.Build.0 = Debug|Win32
		{BEE61E43-9186-31F4-BA6F-DF4798ED52E8}.Release|Win32.ActiveCfg = Release|Win32
		{BEE61E43-9186-31F4-BA6F-DF4798ED52E8}.Release|Win32.Build.0 = Release|Win32
		{BEE61E43-9186-31F4-BA6F-DF4798ED52E8}.MinSizeRel|Win32.ActiveCfg = MinSizeRel|Win32
		{BEE61E43-9186-31F4-BA6F-DF4798ED52E8}.MinSizeRel|Win32.Build.0 = MinSizeRel|Win32
		{BEE61E43-9186-31F4-BA6F-DF4798ED52E8}.RelWithDebInfo|Win32.ActiveCfg = RelWithDebInfo|Win32
		{BEE61E43-9186-31F4-BA6F-DF4798ED52E8}.RelWithDebInfo|Win32.Build.0 = RelWithDebInfo|Win32
		{6A99079E-2F73-3F54-B742-8F968F325D27}.Debug|Win32.ActiveCfg = Debug|Win32
		{6A99079E-2F73-3F54-B742-8F968F325D27}.Debug|Win32.Build.0 = Debug|Win32
		{6A99079E-2F73-3F54-B742-8F968F325D27}.Release|Win32.ActiveCfg = Release|Win32
		{6A99079E-2F73-3F54-B742-8F968F325D27}.Release|Win32.Build.0 = Release|Win32
		{6A99079E-2F73-3F54-B742-8F968F325D27}.MinSizeRel|Win32.ActiveCfg = MinSizeRel|Win32
		{6A99079E-2F73-3F54-B742-8F968F325D27}.MinSizeRel|Win32.Build.0 = MinSizeRel|Win32
		{6A99079E-2F73-3F54-B742-8F968F325D27}.RelWithDebInfo|Win32.ActiveCfg = RelWithDebInfo|Win32
		{6A99079E-2F73-3F54-B742-8F968F325D27}.RelWithDebInfo|Win32.Build.0 = RelWithDebInfo|Win32
		{1EB104A0-1428-3948-B07A-B0C59F6AA6FE}.Debug|Win32.ActiveCfg = Debug|Win32
		{1EB104A0-1428-3948-B07A-B0C59F6AA6FE}.Debug|Win32.Build.0 = Debug|Win32
		{1EB104A0-1428-3948-B07A-B0C59F6AA6FE}.Release|Win32.ActiveCfg = Release|Win32
		{1EB104A0-1428-3948-B07A-B0C59F6AA6FE}.Release|Win32.Build.0 = Release|Win32
		{1EB104A0-1428-3948-B07A-B0C59F6AA6FE}.MinSizeRel|Win32.ActiveCfg = MinSizeRel|Win32
		{1EB104A0-1428-3948-B07A-B0C59F6AA6FE}.MinSizeRel|Win32.Build.0 = MinSizeRel|Win32
		{1EB104A0-1428-3948-B07A-B0C59F6AA6FE}.RelWithDebInfo|Win32.ActiveCfg = RelWithDebInfo|Win32
		{1EB104A0-1428-3948-B07A-B0C59F6AA6FE}.RelWithDebInfo|Win32.Build.0 = RelWithDebInfo|Win32
		{DB61246D-1701-3006-9CFB-702F64A68485}.Debug|Win32.ActiveCfg = Debug|Win32
		{DB61246D-1701-3006-9CFB-702F64A68485}.Debug|Win32.Build.0 = Debug|Win32
		{DB61246D-1701-3006-9CFB-702F64A68485}.Release|Win32.ActiveCfg = Release|Win32
		{DB61246D-1701-3006-9CFB-702F64A68485}.Release|Win32.Build.0 = Release|Win32
		{DB61246D-1701-3006-9CFB-702F64A68485}.MinSizeRel|Win32.ActiveCfg = MinSizeRel|Win32
		{DB61246D-1701-3006-9CFB-702F64A68485}.MinSizeRel|Win32.Build.0 = MinSizeRel|Win32
		{DB61246D-1701-3006-9CFB-702F64A68485}.RelWithDebInfo|Win32.ActiveCfg = RelWithDebInfo|Win32
		{DB61246D-1701-3006-9CFB-702F64A68485}.RelWithDebInfo|Win32.Build.0 = RelWithDebInfo|Win32
		{44D7128D-B30F-3CEC-8AB1-9B1B4B146564}.Debug|Win32.ActiveCfg = Debug|Win32
		{44D7128D-B30F-3CEC-8AB1-9B1B4B146564}.Debug|Win32.Build.0 = Debug|Win32
		{44D7128D-B30F-3CEC-8AB1-9B1B4B146564}.Release|Win32.ActiveCfg = Release|Win32
		{44D7128D-B30F-3CEC-8AB1-9B1B4B146564}.Release|Win32.Build.0 = Release|Win32
		{44D7128D-B30F-3CEC-8AB1-9B1B4B146564}.MinSizeRel|Win32.ActiveCfg = MinSizeRel|Win32
		{44D7128D-B30F-3CEC-8AB1-9B1B4B146564}.MinSizeRel|Win32.Build.0 = MinSizeRel|Win32
		{44D7128D-B30F-3CEC-8AB1-9B1B4B146564}.RelWithDebInfo|Win32.ActiveCfg = RelWithDebInfo|Win32
		{44D7128D-B30F-3CEC-8AB1-9B1B4B146564}.RelWithDebInfo|Win32.Build.0 = RelWithDebInfo|Win32
		{5D9CA930-376B-3648-B23D-4D1BAE0F408D}.Debug|Win32.ActiveCfg = Debug|Win32
		{5D9CA930-376B-3648-B23D-4D1BAE0F408D}.Debug|Win32.Build.0 = Debug|Win32
		{5D9CA930-376B-3648-B23D-4D1BAE0F408D}.Release|Win32.ActiveCfg = Release|Win32
		{5D9CA930-376B-3648-B23D-4D1BAE0F408D}.Release|Win32.Build.0 = Release|Win32
		{5D9CA930-376B-3648-B23D-4D1BAE0F408D}.MinSizeRel|Win32.ActiveCfg = MinSizeRel|Win32
		{5D9CA930-376B-3648-B23D-4D1BAE0F408D}.MinSizeRel|Win32.Build.0 = MinSizeRel|Win32
		{5D9CA930-376B-3648-B23D-4D1BAE0F408D}.RelWithDebInfo|Win32.ActiveCfg = RelWithDebInfo|Win32
		{5D9CA930-376B-3648-B23D-4D1BAE0F408D}.RelWithDebInfo|Win32.Build.0 = RelWithDebInfo|Win32
	EndGlobalSection
	GlobalSection(NestedProjects) = preSolution
		{4A65281B-975A-32B6-B010-229358713E0B} = {FC602FFE-8BC2-3367-9BF6-AF5F927E23E8}
		{880A6C4A-4DFA-362E-9550-B7FACD044C79} = {FC602FFE-8BC2-3367-9BF6-AF5F927E23E8}
		{7F76F591-8021-3ED4-A5F9-EC40270A9235} = {A4D1131F-1EFB-34AE-8A7E-3BBEED4200BD}
		{8DEDD693-8DD1-3910-B594-9B6F1C21D22E} = {A4D1131F-1EFB-34AE-8A7E-3BBEED4200BD}
		{30974482-B560-3A3E-AF2F-CA67AE230D99} = {A4D1131F-1EFB-34AE-8A7E-3BBEED4200BD}
		{3170E751-6DD0-3D4D-9B02-D38892B8CD3E} = {A4D1131F-1EFB-34AE-8A7E-3BBEED4200BD}
		{B973FAFC-52D2-36D8-A383-277BC49D9743} = {A4D1131F-1EFB-34AE-8A7E-3BBEED4200BD}
		{BEE61E43-9186-31F4-BA6F-DF4798ED52E8} = {A4D1131F-1EFB-34AE-8A7E-3BBEED4200BD}
		{6A99079E-2F73-3F54-B742-8F968F325D27} = {A4D1131F-1EFB-34AE-8A7E-3BBEED4200BD}
		{1EB104A0-1428-3948-B07A-B0C59F6AA6FE} = {A4D1131F-1EFB-34AE-8A7E-3BBEED4200BD}
		{DB61246D-1701-3006-9CFB-702F64A68485} = {A4D1131F-1EFB-34AE-8A7E-3BBEED4200BD}
		{44D7128D-B30F-3CEC-8AB1-9B1B4B146564} = {A4D1131F-1EFB-34AE-8A7E-3BBEED4200BD}
		{5D9CA930-376B-3648-B23D-4D1BAE0F408D} = {A4D1131F-1EFB-34AE-8A7E-3BBEED4200BD}
		{14B96D31-A187-3CDC-A20E-3C75840862FE} = {EECA2E0E-075D-3194-B323-0EF79CA5807A}
	EndGlobalSection
	GlobalSection(ExtensibilityGlobals) = postSolution
		SolutionGuid = {A6C21CD5-D50B-353E-9C5D-8B643635F8D1}
	EndGlobalSection
	GlobalSection(ExtensibilityAddIns) = postSolution
	EndGlobalSection
EndGlobal
